// !$*UTF8*$!
{
	archiveVersion = 1;
	classes = {
	};
	objectVersion = 46;
	objects = {

/* Begin PBXFileReference section */
		2366EF7519B2D5F200E7C85D /* 2-ControlFlow.playground */ = {isa = PBXFileReference; lastKnownFileType = file.playground; path = "2-ControlFlow.playground"; sourceTree = "<group>"; };
		2366EF7619B2D69900E7C85D /* 1-Basics.playground */ = {isa = PBXFileReference; lastKnownFileType = file.playground; path = "1-Basics.playground"; sourceTree = "<group>"; };
		2366EF7719B2E4CE00E7C85D /* X-FixMePlease.playground */ = {isa = PBXFileReference; lastKnownFileType = file.playground; path = "X-FixMePlease.playground"; sourceTree = "<group>"; };
		2366EF7819B2E51700E7C85D /* 4-Functions.playground */ = {isa = PBXFileReference; lastKnownFileType = file.playground; path = "4-Functions.playground"; sourceTree = "<group>"; };
		2366EF7A19B2E5AA00E7C85D /* GuidedTour.playground */ = {isa = PBXFileReference; lastKnownFileType = file.playground; path = GuidedTour.playground; sourceTree = "<group>"; };
		2366EF8C19B7167100E7C85D /* 5-Classes.playground */ = {isa = PBXFileReference; lastKnownFileType = file.playground; path = "5-Classes.playground"; sourceTree = "<group>"; };
		2366EF8D19B7193100E7C85D /* 6-Visual.playground */ = {isa = PBXFileReference; lastKnownFileType = file.playground; path = "6-Visual.playground"; sourceTree = "<group>"; };
		2366EF8E19B7270C00E7C85D /* 0-HelloWorld.playground */ = {isa = PBXFileReference; lastKnownFileType = file.playground; path = "0-HelloWorld.playground"; sourceTree = "<group>"; };
		23B9E10319B2D3EF001AFA50 /* 3-Loops.playground */ = {isa = PBXFileReference; lastKnownFileType = file.playground; path = "3-Loops.playground"; sourceTree = "<group>"; };
/* End PBXFileReference section */

/* Begin PBXGroup section */
		23B9E0FC19B2D3BF001AFA50 = {
			isa = PBXGroup;
			children = (
				2366EF7A19B2E5AA00E7C85D /* GuidedTour.playground */,
				2366EF8E19B7270C00E7C85D /* 0-HelloWorld.playground */,
				2366EF7619B2D69900E7C85D /* 1-Basics.playground */,
				2366EF7519B2D5F200E7C85D /* 2-ControlFlow.playground */,
				23B9E10319B2D3EF001AFA50 /* 3-Loops.playground */,
				2366EF7819B2E51700E7C85D /* 4-Functions.playground */,
				2366EF8C19B7167100E7C85D /* 5-Classes.playground */,
				2366EF8D19B7193100E7C85D /* 6-Visual.playground */,
				2366EF7719B2E4CE00E7C85D /* X-FixMePlease.playground */,
			);
			sourceTree = "<group>";
		};
/* End PBXGroup section */

/* Begin PBXProject section */
		23B9E0FD19B2D3BF001AFA50 /* Project object */ = {
			isa = PBXProject;
			attributes = {
				LastUpgradeCheck = 0600;
			};
			buildConfigurationList = 23B9E10019B2D3BF001AFA50 /* Build configuration list for PBXProject "Playgrounds" */;
			compatibilityVersion = "Xcode 3.2";
			developmentRegion = English;
			hasScannedForEncodings = 0;
			knownRegions = (
				en,
			);
			mainGroup = 23B9E0FC19B2D3BF001AFA50;
			projectDirPath = "";
			projectRoot = "";
			targets = (
			);
		};
/* End PBXProject section */

/* Begin XCBuildConfiguration section */
		23B9E10119B2D3BF001AFA50 /* Debug */ = {
			isa = XCBuildConfiguration;
			buildSettings = {
			};
			name = Debug;
		};
		23B9E10219B2D3BF001AFA50 /* Release */ = {
			isa = XCBuildConfiguration;
			buildSettings = {
			};
			name = Release;
		};
/* End XCBuildConfiguration section */

/* Begin XCConfigurationList section */
		23B9E10019B2D3BF001AFA50 /* Build configuration list for PBXProject "Playgrounds" */ = {
			isa = XCConfigurationList;
			buildConfigurations = (
				23B9E10119B2D3BF001AFA50 /* Debug */,
				23B9E10219B2D3BF001AFA50 /* Release */,
			);
			defaultConfigurationIsVisible = 0;
			defaultConfigurationName = Release;
		};
/* End XCConfigurationList section */
	};
	rootObject = 23B9E0FD19B2D3BF001AFA50 /* Project object */;
}
